
Microsoft Visual Studio Solution File, Format Version 12.00
# Visual Studio Version 16
VisualStudioVersion = 16.0.30523.141
MinimumVisualStudioVersion = 10.0.40219.1
Project("{FAE04EC0-301F-11D3-BF4B-00C04F79EFBC}") = "DataBaseManageSystemTEMP1", "DataBaseManageSystemTEMP1.csproj", "{297BAC43-9986-4823-8993-138BCEDB6F6F}"
EndProject
Global
	GlobalSection(SolutionConfigurationPlatforms) = preSolution
		Debug|Any CPU = Debug|Any CPU
		Release|Any CPU = Release|Any CPU
	EndGlobalSection
	GlobalSection(ProjectConfigurationPlatforms) = postSolution
		{297BAC43-9986-4823-8993-138BCEDB6F6F}.Debug|Any CPU.ActiveCfg = Debug|Any CPU
		{297BAC43-9986-4823-8993-138BCEDB6F6F}.Debug|Any CPU.Build.0 = Debug|Any CPU
		{297BAC43-9986-4823-8993-138BCEDB6F6F}.Release|Any CPU.ActiveCfg = Release|Any CPU
		{297BAC43-9986-4823-8993-138BCEDB6F6F}.Release|Any CPU.Build.0 = Release|Any CPU
	EndGlobalSection
	GlobalSection(SolutionProperties) = preSolution
		HideSolutionNode = FALSE
	EndGlobalSection
	GlobalSection(ExtensibilityGlobals) = postSolution
		SolutionGuid = {6E1CFA8C-DDEB-45F6-AD3F-395BC31A98FC}
	EndGlobalSection
EndGlobal
