
Microsoft Visual Studio Solution File, Format Version 12.00
# Visual Studio Version 16
VisualStudioVersion = 16.0.31112.23
MinimumVisualStudioVersion = 10.0.40219.1
Project("{8BC9CEB8-8B4A-11D0-8D11-00A0C91BC942}") = "BinarySearchTree", "BinarySearchTree.vcxproj", "{8785B52D-D545-4F19-AB10-5C3B536F9C21}"
EndProject
Global
	GlobalSection(SolutionConfigurationPlatforms) = preSolution
		Debug|x64 = Debug|x64
		Debug|x86 = Debug|x86
		Release|x64 = Release|x64
		Release|x86 = Release|x86
	EndGlobalSection
	GlobalSection(ProjectConfigurationPlatforms) = postSolution
		{8785B52D-D545-4F19-AB10-5C3B536F9C21}.Debug|x64.ActiveCfg = Debug|x64
		{8785B52D-D545-4F19-AB10-5C3B536F9C21}.Debug|x64.Build.0 = Debug|x64
		{8785B52D-D545-4F19-AB10-5C3B536F9C21}.Debug|x86.ActiveCfg = Debug|Win32
		{8785B52D-D545-4F19-AB10-5C3B536F9C21}.Debug|x86.Build.0 = Debug|Win32
		{8785B52D-D545-4F19-AB10-5C3B536F9C21}.Release|x64.ActiveCfg = Release|x64
		{8785B52D-D545-4F19-AB10-5C3B536F9C21}.Release|x64.Build.0 = Release|x64
		{8785B52D-D545-4F19-AB10-5C3B536F9C21}.Release|x86.ActiveCfg = Release|Win32
		{8785B52D-D545-4F19-AB10-5C3B536F9C21}.Release|x86.Build.0 = Release|Win32
	EndGlobalSection
	GlobalSection(SolutionProperties) = preSolution
		HideSolutionNode = FALSE
	EndGlobalSection
	GlobalSection(ExtensibilityGlobals) = postSolution
		SolutionGuid = {DEBE4BB5-E51A-4709-BB60-392E85711596}
	EndGlobalSection
EndGlobal
